{
  "name": "marionet",
  "lockfileVersion": 3,
  "requires": true,
  "packages": {
    "": {
      "name": "marionet",
      "dependencies": {
        "@pixiv/three-vrm": "3.4.2",
        "three": "0.171.0"
      },
      "devDependencies": {
        "ajv": "8.17.1",
        "playwright": "1.58.2"
      }
    },
    "node_modules/@pixiv/three-vrm": {
      "version": "3.4.2",
      "resolved": "https://registry.npmjs.org/@pixiv/three-vrm/-/three-vrm-3.4.2.tgz",
      "integrity": "sha512-Q3WLZ2Keh3y1GOhxWFieQCXsi+O9cGoPJD7GxQI6VJIEGuWXF0ghPND7RNUd1/AM2/Al7ChuWyaqyGq7j5/0/w==",
      "license": "MIT",
      "dependencies": {
        "@pixiv/three-vrm-core": "3.4.2",
        "@pixiv/three-vrm-materials-hdr-emissive-multiplier": "3.4.2",
        "@pixiv/three-vrm-materials-mtoon": "3.4.2",
        "@pixiv/three-vrm-materials-v0compat": "3.4.2",
        "@pixiv/three-vrm-node-constraint": "3.4.2",
        "@pixiv/three-vrm-springbone": "3.4.2"
      },
      "peerDependencies": {
        "three": ">=0.137"
      }
    },
    "node_modules/@pixiv/three-vrm-core": {
      "version": "3.4.2",
      "resolved": "https://registry.npmjs.org/@pixiv/three-vrm-core/-/three-vrm-core-3.4.2.tgz",
      "integrity": "sha512-ucdf5hzCcgc421UVjhBQK3VpnodDdOJFf/3RY9glD4RLj0iURZ4hTd4zKXhSITKSS/IisRgU4J2lDhtU0u7e3g==",
      "license": "MIT",
      "dependencies": {
        "@pixiv/types-vrm-0.0": "3.4.2",
        "@pixiv/types-vrmc-vrm-1.0": "3.4.2"
      },
      "peerDependencies": {
        "three": ">=0.137"
      }
    },
    "node_modules/@pixiv/three-vrm-materials-hdr-emissive-multiplier": {
      "version": "3.4.2",
      "resolved": "https://registry.npmjs.org/@pixiv/three-vrm-materials-hdr-emissive-multiplier/-/three-vrm-materials-hdr-emissive-multiplier-3.4.2.tgz",
      "integrity": "sha512-OuDBao5GRfAefPXK4w4su2AzM/yGvqYYfZQaQryyhSzQbA1UV8EpW4xfrWjdGJ4HiD98L9hVeObZrjZyq2ZVkA==",
      "license": "MIT",
      "dependencies": {
        "@pixiv/types-vrmc-materials-hdr-emissive-multiplier-1.0": "3.4.2"
      },
      "peerDependencies": {
        "three": ">=0.137"
      }
    },
    "node_modules/@pixiv/three-vrm-materials-mtoon": {
      "version": "3.4.2",
      "resolved": "https://registry.npmjs.org/@pixiv/three-vrm-materials-mtoon/-/three-vrm-materials-mtoon-3.4.2.tgz",
      "integrity": "sha512-UH0ZwF3oWyxr+FwIc4CBdBKsGKfPsaDPt8/lplX+D8oExNZ4eKBSKUaNytV6XhxgWR5a0ZPoZJUzvsCzjv0BPQ==",
      "license": "MIT",
      "dependencies": {
        "@pixiv/types-vrm-0.0": "3.4.2",
        "@pixiv/types-vrmc-materials-mtoon-1.0": "3.4.2"
      },
      "peerDependencies": {
        "three": ">=0.137"
      }
    },
    "node_modules/@pixiv/three-vrm-materials-v0compat": {
      "version": "3.4.2",
      "resolved": "https://registry.npmjs.org/@pixiv/three-vrm-materials-v0compat/-/three-vrm-materials-v0compat-3.4.2.tgz",
      "integrity": "sha512-h1E/CB3h3f3iK0QnzzfeBy4C2GiiSkSf6q4OSYg26Qnyvl8iCPduqukm85yD5xuyDU3i1KzimuWj0n1Ah3s6kw==",
      "license": "MIT",
      "dependencies": {
        "@pixiv/types-vrm-0.0": "3.4.2",
        "@pixiv/types-vrmc-materials-mtoon-1.0": "3.4.2"
      },
      "peerDependencies": {
        "three": ">=0.137"
      }
    },
    "node_modules/@pixiv/three-vrm-node-constraint": {
      "version": "3.4.2",
      "resolved": "https://registry.npmjs.org/@pixiv/three-vrm-node-constraint/-/three-vrm-node-constraint-3.4.2.tgz",
      "integrity": "sha512-KjkvsZv91naCkblOttM46JdJP2UdKCd+fAxewnVAc+FWkS5qUA1fiKZhWz06JuO1yMVMY3/OohnIlDfRGtdq6A==",
      "license": "MIT",
      "dependencies": {
        "@pixiv/types-vrmc-node-constraint-1.0": "3.4.2"
      },
      "peerDependencies": {
        "three": ">=0.137"
      }
    },
    "node_modules/@pixiv/three-vrm-springbone": {
      "version": "3.4.2",
      "resolved": "https://registry.npmjs.org/@pixiv/three-vrm-springbone/-/three-vrm-springbone-3.4.2.tgz",
      "integrity": "sha512-4IUOHehnWkg2ZhipCGpSppB7lfR+/GuLVLp42N5jQi6Tf3keAm/tXwDeGgJO2o9AgcDW2Gq3/MFxkcSfvojKCw==",
      "license": "MIT",
      "dependencies": {
        "@pixiv/types-vrm-0.0": "3.4.2",
        "@pixiv/types-vrmc-springbone-1.0": "3.4.2",
        "@pixiv/types-vrmc-springbone-extended-collider-1.0": "3.4.2"
      },
      "peerDependencies": {
        "three": ">=0.137"
      }
    },
    "node_modules/@pixiv/types-vrm-0.0": {
      "version": "3.4.2",
      "resolved": "https://registry.npmjs.org/@pixiv/types-vrm-0.0/-/types-vrm-0.0-3.4.2.tgz",
      "integrity": "sha512-Y8jELwRGYW5GkO0Q9SQ2XOwGHgbKiLB3bRedpRELCEJVki2vWWkNoK8MqyuXmBEk2pQdaU5YDJ1mDpdCNVaIDA==",
      "license": "MIT"
    },
    "node_modules/@pixiv/types-vrmc-materials-hdr-emissive-multiplier-1.0": {
      "version": "3.4.2",
      "resolved": "https://registry.npmjs.org/@pixiv/types-vrmc-materials-hdr-emissive-multiplier-1.0/-/types-vrmc-materials-hdr-emissive-multiplier-1.0-3.4.2.tgz",
      "integrity": "sha512-kqo08aM9mPq9c9sfq8x+TxhrhuF41aaCeOoDAcSfwcOQgXrZt6ZFbyiiI9ViMpeuCZ8bSjjN6f5Opf3BwbYMLQ==",
      "license": "MIT"
    },
    "node_modules/@pixiv/types-vrmc-materials-mtoon-1.0": {
      "version": "3.4.2",
      "resolved": "https://registry.npmjs.org/@pixiv/types-vrmc-materials-mtoon-1.0/-/types-vrmc-materials-mtoon-1.0-3.4.2.tgz",
      "integrity": "sha512-VVcY7SniFh+wj0fNA/MDWr7ST6AWoaKtlxzC/ZyQd28zxjRgGbe40OGdref64rBxGwIV8JfBXgtYUxrJ2BN5DQ==",
      "license": "MIT"
    },
    "node_modules/@pixiv/types-vrmc-node-constraint-1.0": {
      "version": "3.4.2",
      "resolved": "https://registry.npmjs.org/@pixiv/types-vrmc-node-constraint-1.0/-/types-vrmc-node-constraint-1.0-3.4.2.tgz",
      "integrity": "sha512-DIkmUxeyaAl6iMiH20ug+ns2trnQPvi5lU0Hf3r/g4Ikq+8WRDcX3pggG1Uihr6xAy4S4lc7u5dS5lLDrAEsbw==",
      "license": "MIT"
    },
    "node_modules/@pixiv/types-vrmc-springbone-1.0": {
      "version": "3.4.2",
      "resolved": "https://registry.npmjs.org/@pixiv/types-vrmc-springbone-1.0/-/types-vrmc-springbone-1.0-3.4.2.tgz",
      "integrity": "sha512-xbwsSPl31vltmYW9ADX6DxgnGZcXhhsqkcY4Jr6N0xCxH+H1V0qv5vNhN/+ntBMccQul35CtzNpXZohJ5zB1wA==",
      "license": "MIT"
    },
    "node_modules/@pixiv/types-vrmc-springbone-extended-collider-1.0": {
      "version": "3.4.2",
      "resolved": "https://registry.npmjs.org/@pixiv/types-vrmc-springbone-extended-collider-1.0/-/types-vrmc-springbone-extended-collider-1.0-3.4.2.tgz",
      "integrity": "sha512-4leeV4KmG8cw98L0vAVrv5XsyGmIEr4iTr5rZ2dTOW2KJjoA458mBWnlKImj2n6bVCoqgExvt6IIi2AFnJgWjA==",
      "license": "MIT"
    },
    "node_modules/@pixiv/types-vrmc-vrm-1.0": {
      "version": "3.4.2",
      "resolved": "https://registry.npmjs.org/@pixiv/types-vrmc-vrm-1.0/-/types-vrmc-vrm-1.0-3.4.2.tgz",
      "integrity": "sha512-AcbcDDtPevbmds2N7HUfPb/eKbMlbDaS4VADUNC2uO4pQDHa4vi1gDDxneYNFq4htQ2VUco9Yhqr5idp2MofOg==",
      "license": "MIT"
    },
    "node_modules/ajv": {
      "version": "8.17.1",
      "resolved": "https://registry.npmjs.org/ajv/-/ajv-8.17.1.tgz",
      "integrity": "sha512-B/gBuNg5SiMTrPkC+A2+cW0RszwxYmn6VYxB/inlBStS5nx6xHIt/ehKRhIMhqusl7a8LjQoZnjCs5vhwxOQ1g==",
      "dev": true,
      "license": "MIT",
      "dependencies": {
        "fast-deep-equal": "^3.1.3",
        "fast-uri": "^3.0.1",
        "json-schema-traverse": "^1.0.0",
        "require-from-string": "^2.0.2"
      },
      "funding": {
        "type": "github",
        "url": "https://github.com/sponsors/epoberezkin"
      }
    },
    "node_modules/fast-deep-equal": {
      "version": "3.1.3",
      "resolved": "https://registry.npmjs.org/fast-deep-equal/-/fast-deep-equal-3.1.3.tgz",
      "integrity": "sha512-f3qQ9oQy9j2AhBe/H9VC91wLmKBCCU/gDOnKNAYG5hswO7BLKj09Hc5HYNz9cGI++xlpDCIgDaitVs03ATR84Q==",
      "dev": true,
      "license": "MIT"
    },
    "node_modules/fast-uri": {
      "version": "3.1.7",
      "resolved": "https://registry.npmjs.org/fast-uri/-/fast-uri-3.1.7.tgz",
      "integrity": "sha512-dOvZVzjdZdz7phd9v6jCbwxrBW3fK6n8Rc0CtdmM4bumzMnxywBYhuph6J819RRw/ku+rLbelwfMunktuzVVHg==",
      "dev": true,
      "funding": [
        {
          "type": "github",
          "url": "https://github.com/sponsors/fastify"
        },
        {
          "type": "opencollective",
          "url": "https://opencollective.com/fastify"
        }
      ],
      "license": "BSD-3-Clause"
    },
    "node_modules/fsevents": {
      "version": "2.3.2",
      "resolved": "https://registry.npmjs.org/fsevents/-/fsevents-2.3.2.tgz",
      "integrity": "sha512-xiqMQR4xAeHTuB9uWm+fFRcIOgKBMiOBP+eXiyT7jsgVCq1bkVygt00oASowB7EdtpOHaaPgKt812P9ab+DDKA==",
      "dev": true,
      "hasInstallScript": true,
      "license": "MIT",
      "optional": true,
      "os": [
        "darwin"
      ],
      "engines": {
        "node": "^8.16.0 || ^10.6.0 || >=11.0.0"
      }
    },
    "node_modules/json-schema-traverse": {
      "version": "1.0.0",
      "resolved": "https://registry.npmjs.org/json-schema-traverse/-/json-schema-traverse-1.0.0.tgz",
      "integrity": "sha512-NM8/P9n3XjXhIZn1lLhkFaACTOURQXjWhV4BA/RnOv8xvgqtqpAX9IO4mRQxSx1Rlo4tqzeqb0sOlruaOy3dug==",
      "dev": true,
      "license": "MIT"
    },
    "node_modules/playwright": {
      "version": "1.58.2",
      "resolved": "https://registry.npmjs.org/playwright/-/playwright-1.58.2.tgz",
      "integrity": "sha512-vA30H8Nvkq/cPBnNw4Q8TWz1EJyqgpuinBcHET0YVJVFldr8JDNiU9LaWAE1KqSkRYazuaBhTpB5ZzShOezQ6A==",
      "dev": true,
      "license": "Apache-2.0",
      "dependencies": {
        "playwright-core": "1.58.2"
      },
      "bin": {
        "playwright": "cli.js"
      },
      "engines": {
        "node": ">=18"
      },
      "optionalDependencies": {
        "fsevents": "2.3.2"
      }
    },
    "node_modules/playwright-core": {
      "version": "1.58.2",
      "resolved": "https://registry.npmjs.org/playwright-core/-/playwright-core-1.58.2.tgz",
      "integrity": "sha512-yZkEtftgwS8CsfYo7nm0KE8jsvm6i/PTgVtB8DL726wNf6H2IMsDuxCpJj59KDaxCtSnrWan2AeDqM7JBaultg==",
      "dev": true,
      "license": "Apache-2.0",
      "bin": {
        "playwright-core": "cli.js"
      },
      "engines": {
        "node": ">=18"
      }
    },
    "node_modules/require-from-string": {
      "version": "2.0.2",
      "resolved": "https://registry.npmjs.org/require-from-string/-/require-from-string-2.0.2.tgz",
      "integrity": "sha512-Xf0nWe6RseziFMu+Ap9biiUbmplq6S9/p+7w7YXP/JBHhrUDDUhwa+vANyubuqfZWTveU//DYVGsDG7RKL/vEw==",
      "dev": true,
      "license": "MIT",
      "engines": {
        "node": ">=0.10.0"
      }
    },
    "node_modules/three": {
      "version": "0.171.0",
      "resolved": "https://registry.npmjs.org/three/-/three-0.171.0.tgz",
      "integrity": "sha512-Y/lAXPaKZPcEdkKjh0JOAHVv8OOnv/NDJqm0wjfCzyQmfKxV7zvkwsnBgPBKTzJHToSOhRGQAGbPJObT59B/PQ==",
      "license": "MIT"
    }
  }
}
